# THIS IS AN AUTOGENERATED FILE. DO NOT EDIT THIS FILE DIRECTLY.
# yarn lockfile v1


"@types/marked@^2.0.3":
  version "2.0.3"
  resolved "https://registry.yarnpkg.com/@types/marked/-/marked-2.0.3.tgz#c8ea93684e530cc3b667d3e7226556dd0844ad1f"
  integrity sha512-lbhSN1rht/tQ+dSWxawCzGgTfxe9DB31iLgiT1ZVT5lshpam/nyOA1m3tKHRoNPctB2ukSL22JZI5Fr+WI/zYg==
